
Microsoft Visual Studio Solution File, Format Version 12.00
# Visual Studio Version 17
VisualStudioVersion = 17.9.34622.214
MinimumVisualStudioVersion = 10.0.40219.1
Project("{FAE04EC0-301F-11D3-BF4B-00C04F79EFBC}") = "UoNMarketPlace", "UoNMarketPlace\UoNMarketPlace.csproj", "{8F4202DE-6B93-4A76-A775-55DE2DBB282B}"
EndProject
Global
	GlobalSection(SolutionConfigurationPlatforms) = preSolution
		Debug|Any CPU = Debug|Any CPU
		Release|Any CPU = Release|Any CPU
	EndGlobalSection
	GlobalSection(ProjectConfigurationPlatforms) = postSolution
		{8F4202DE-6B93-4A76-A775-55DE2DBB282B}.Debug|Any CPU.ActiveCfg = Debug|Any CPU
		{8F4202DE-6B93-4A76-A775-55DE2DBB282B}.Debug|Any CPU.Build.0 = Debug|Any CPU
		{8F4202DE-6B93-4A76-A775-55DE2DBB282B}.Release|Any CPU.ActiveCfg = Release|Any CPU
		{8F4202DE-6B93-4A76-A775-55DE2DBB282B}.Release|Any CPU.Build.0 = Release|Any CPU
	EndGlobalSection
	GlobalSection(SolutionProperties) = preSolution
		HideSolutionNode = FALSE
	EndGlobalSection
	GlobalSection(ExtensibilityGlobals) = postSolution
		SolutionGuid = {E83051DF-68F6-4908-9C7A-33B1B4F833B6}
	EndGlobalSection
EndGlobal
